
Microsoft Visual Studio Solution File, Format Version 12.00
# Visual Studio 15
VisualStudioVersion = 15.0.28307.1758
MinimumVisualStudioVersion = 10.0.40219.1
Project("{FAE04EC0-301F-11D3-BF4B-00C04F79EFBC}") = "Exception", "Exception\Exception.csproj", "{7C7A60B6-DF56-43FA-A99C-C551876F2DBF}"
EndProject
Global
	GlobalSection(SolutionConfigurationPlatforms) = preSolution
		Debug|Any CPU = Debug|Any CPU
		Release|Any CPU = Release|Any CPU
	EndGlobalSection
	GlobalSection(ProjectConfigurationPlatforms) = postSolution
		{7C7A60B6-DF56-43FA-A99C-C551876F2DBF}.Debug|Any CPU.ActiveCfg = Debug|Any CPU
		{7C7A60B6-DF56-43FA-A99C-C551876F2DBF}.Debug|Any CPU.Build.0 = Debug|Any CPU
		{7C7A60B6-DF56-43FA-A99C-C551876F2DBF}.Release|Any CPU.ActiveCfg = Release|Any CPU
		{7C7A60B6-DF56-43FA-A99C-C551876F2DBF}.Release|Any CPU.Build.0 = Release|Any CPU
	EndGlobalSection
	GlobalSection(SolutionProperties) = preSolution
		HideSolutionNode = FALSE
	EndGlobalSection
	GlobalSection(ExtensibilityGlobals) = postSolution
		SolutionGuid = {882ABD51-6061-41EC-9029-129F5CC9A0DE}
	EndGlobalSection
EndGlobal
